
Microsoft Visual Studio Solution File, Format Version 12.00
# Visual Studio Version 16
VisualStudioVersion = 16.0.29215.179
MinimumVisualStudioVersion = 10.0.40219.1
Project("{FAE04EC0-301F-11D3-BF4B-00C04F79EFBC}") = "APIProject-MovieAPI", "APIProject-MovieAPI\APIProject-MovieAPI.csproj", "{678A4B30-E21B-47E6-9D54-5BF0AD6A977E}"
EndProject
Global
	GlobalSection(SolutionConfigurationPlatforms) = preSolution
		Debug|Any CPU = Debug|Any CPU
		Release|Any CPU = Release|Any CPU
	EndGlobalSection
	GlobalSection(ProjectConfigurationPlatforms) = postSolution
		{678A4B30-E21B-47E6-9D54-5BF0AD6A977E}.Debug|Any CPU.ActiveCfg = Debug|Any CPU
		{678A4B30-E21B-47E6-9D54-5BF0AD6A977E}.Debug|Any CPU.Build.0 = Debug|Any CPU
		{678A4B30-E21B-47E6-9D54-5BF0AD6A977E}.Release|Any CPU.ActiveCfg = Release|Any CPU
		{678A4B30-E21B-47E6-9D54-5BF0AD6A977E}.Release|Any CPU.Build.0 = Release|Any CPU
	EndGlobalSection
	GlobalSection(SolutionProperties) = preSolution
		HideSolutionNode = FALSE
	EndGlobalSection
	GlobalSection(ExtensibilityGlobals) = postSolution
		SolutionGuid = {5B7CFC80-17D3-4F99-9093-6BAD9F19D910}
	EndGlobalSection
EndGlobal
